// !$*UTF8*$!
{
	archiveVersion = 1;
	classes = {
	};
	objectVersion = 56;
	objects = {

/* Begin PBXBuildFile section */
		235398FE2C776AC3002938DC /* AppDelegate.swift in Sources */ = {isa = PBXBuildFile; fileRef = 235398FD2C776AC3002938DC /* AppDelegate.swift */; };
		235399002C776AC3002938DC /* SceneDelegate.swift in Sources */ = {isa = PBXBuildFile; fileRef = 235398FF2C776AC3002938DC /* SceneDelegate.swift */; };
		235399022C776AC3002938DC /* ViewController.swift in Sources */ = {isa = PBXBuildFile; fileRef = 235399012C776AC3002938DC /* ViewController.swift */; };
		235399052C776AC3002938DC /* Base in Resources */ = {isa = PBXBuildFile; fileRef = 235399042C776AC3002938DC /* Base */; };
		235399082C776AC3002938DC /* Mod1CreativeAppHuseby.xcdatamodeld in Sources */ = {isa = PBXBuildFile; fileRef = 235399062C776AC3002938DC /* Mod1CreativeAppHuseby.xcdatamodeld */; };
		2353990A2C776AC5002938DC /* Assets.xcassets in Resources */ = {isa = PBXBuildFile; fileRef = 235399092C776AC5002938DC /* Assets.xcassets */; };
		2353990D2C776AC5002938DC /* Base in Resources */ = {isa = PBXBuildFile; fileRef = 2353990C2C776AC5002938DC /* Base */; };
		237A1A9A2C80A4C1005E8CC8 /* animalViewController.swift in Sources */ = {isa = PBXBuildFile; fileRef = 237A1A992C80A4C1005E8CC8 /* animalViewController.swift */; };
/* End PBXBuildFile section */

/* Begin PBXFileReference section */
		235398FA2C776AC3002938DC /* Mod1CreativeAppHuseby.app */ = {isa = PBXFileReference; explicitFileType = wrapper.application; includeInIndex = 0; path = Mod1CreativeAppHuseby.app; sourceTree = BUILT_PRODUCTS_DIR; };
		235398FD2C776AC3002938DC /* AppDelegate.swift */ = {isa = PBXFileReference; lastKnownFileType = sourcecode.swift; path = AppDelegate.swift; sourceTree = "<group>"; };
		235398FF2C776AC3002938DC /* SceneDelegate.swift */ = {isa = PBXFileReference; lastKnownFileType = sourcecode.swift; path = SceneDelegate.swift; sourceTree = "<group>"; };
		235399012C776AC3002938DC /* ViewController.swift */ = {isa = PBXFileReference; lastKnownFileType = sourcecode.swift; path = ViewController.swift; sourceTree = "<group>"; };
		235399042C776AC3002938DC /* Base */ = {isa = PBXFileReference; lastKnownFileType = file.storyboard; name = Base; path = Base.lproj/Main.storyboard; sourceTree = "<group>"; };
		235399072C776AC3002938DC /* Mod1CreativeAppHuseby.xcdatamodel */ = {isa = PBXFileReference; lastKnownFileType = wrapper.xcdatamodel; path = Mod1CreativeAppHuseby.xcdatamodel; sourceTree = "<group>"; };
		235399092C776AC5002938DC /* Assets.xcassets */ = {isa = PBXFileReference; lastKnownFileType = folder.assetcatalog; path = Assets.xcassets; sourceTree = "<group>"; };
		2353990C2C776AC5002938DC /* Base */ = {isa = PBXFileReference; lastKnownFileType = file.storyboard; name = Base; path = Base.lproj/LaunchScreen.storyboard; sourceTree = "<group>"; };
		2353990E2C776AC5002938DC /* Info.plist */ = {isa = PBXFileReference; lastKnownFileType = text.plist.xml; path = Info.plist; sourceTree = "<group>"; };
		237A1A992C80A4C1005E8CC8 /* animalViewController.swift */ = {isa = PBXFileReference; lastKnownFileType = sourcecode.swift; path = animalViewController.swift; sourceTree = "<group>"; };
/* End PBXFileReference section */

/* Begin PBXFrameworksBuildPhase section */
		235398F72C776AC3002938DC /* Frameworks */ = {
			isa = PBXFrameworksBuildPhase;
			buildActionMask = 2147483647;
			files = (
			);
			runOnlyForDeploymentPostprocessing = 0;
		};
/* End PBXFrameworksBuildPhase section */

/* Begin PBXGroup section */
		235398F12C776AC3002938DC = {
			isa = PBXGroup;
			children = (
				235398FC2C776AC3002938DC /* Mod1CreativeAppHuseby */,
				235398FB2C776AC3002938DC /* Products */,
			);
			sourceTree = "<group>";
		};
		235398FB2C776AC3002938DC /* Products */ = {
			isa = PBXGroup;
			children = (
				235398FA2C776AC3002938DC /* Mod1CreativeAppHuseby.app */,
			);
			name = Products;
			sourceTree = "<group>";
		};
		235398FC2C776AC3002938DC /* Mod1CreativeAppHuseby */ = {
			isa = PBXGroup;
			children = (
				235398FD2C776AC3002938DC /* AppDelegate.swift */,
				235398FF2C776AC3002938DC /* SceneDelegate.swift */,
				235399012C776AC3002938DC /* ViewController.swift */,
				235399032C776AC3002938DC /* Main.storyboard */,
				235399092C776AC5002938DC /* Assets.xcassets */,
				2353990B2C776AC5002938DC /* LaunchScreen.storyboard */,
				2353990E2C776AC5002938DC /* Info.plist */,
				235399062C776AC3002938DC /* Mod1CreativeAppHuseby.xcdatamodeld */,
				237A1A992C80A4C1005E8CC8 /* animalViewController.swift */,
			);
			path = Mod1CreativeAppHuseby;
			sourceTree = "<group>";
		};
/* End PBXGroup section */

/* Begin PBXNativeTarget section */
		235398F92C776AC3002938DC /* Mod1CreativeAppHuseby */ = {
			isa = PBXNativeTarget;
			buildConfigurationList = 235399112C776AC5002938DC /* Build configuration list for PBXNativeTarget "Mod1CreativeAppHuseby" */;
			buildPhases = (
				235398F62C776AC3002938DC /* Sources */,
				235398F72C776AC3002938DC /* Frameworks */,
				235398F82C776AC3002938DC /* Resources */,
			);
			buildRules = (
			);
			dependencies = (
			);
			name = Mod1CreativeAppHuseby;
			productName = Mod1CreativeAppHuseby;
			productReference = 235398FA2C776AC3002938DC /* Mod1CreativeAppHuseby.app */;
			productType = "com.apple.product-type.application";
		};
/* End PBXNativeTarget section */

/* Begin PBXProject section */
		235398F22C776AC3002938DC /* Project object */ = {
			isa = PBXProject;
			attributes = {
				BuildIndependentTargetsInParallel = 1;
				LastSwiftUpdateCheck = 1540;
				LastUpgradeCheck = 1540;
				TargetAttributes = {
					235398F92C776AC3002938DC = {
						CreatedOnToolsVersion = 15.4;
					};
				};
			};
			buildConfigurationList = 235398F52C776AC3002938DC /* Build configuration list for PBXProject "Mod1CreativeAppHuseby" */;
			compatibilityVersion = "Xcode 14.0";
			developmentRegion = en;
			hasScannedForEncodings = 0;
			knownRegions = (
				en,
				Base,
			);
			mainGroup = 235398F12C776AC3002938DC;
			productRefGroup = 235398FB2C776AC3002938DC /* Products */;
			projectDirPath = "";
			projectRoot = "";
			targets = (
				235398F92C776AC3002938DC /* Mod1CreativeAppHuseby */,
			);
		};
/* End PBXProject section */

/* Begin PBXResourcesBuildPhase section */
		235398F82C776AC3002938DC /* Resources */ = {
			isa = PBXResourcesBuildPhase;
			buildActionMask = 2147483647;
			files = (
				2353990A2C776AC5002938DC /* Assets.xcassets in Resources */,
				2353990D2C776AC5002938DC /* Base in Resources */,
				235399052C776AC3002938DC /* Base in Resources */,
			);
			runOnlyForDeploymentPostprocessing = 0;
		};
/* End PBXResourcesBuildPhase section */

/* Begin PBXSourcesBuildPhase section */
		235398F62C776AC3002938DC /* Sources */ = {
			isa = PBXSourcesBuildPhase;
			buildActionMask = 2147483647;
			files = (
				235399022C776AC3002938DC /* ViewController.swift in Sources */,
				237A1A9A2C80A4C1005E8CC8 /* animalViewController.swift in Sources */,
				235398FE2C776AC3002938DC /* AppDelegate.swift in Sources */,
				235399002C776AC3002938DC /* SceneDelegate.swift in Sources */,
				235399082C776AC3002938DC /* Mod1CreativeAppHuseby.xcdatamodeld in Sources */,
			);
			runOnlyForDeploymentPostprocessing = 0;
		};
/* End PBXSourcesBuildPhase section */

/* Begin PBXVariantGroup section */
		235399032C776AC3002938DC /* Main.storyboard */ = {
			isa = PBXVariantGroup;
			children = (
				235399042C776AC3002938DC /* Base */,
			);
			name = Main.storyboard;
			sourceTree = "<group>";
		};
		2353990B2C776AC5002938DC /* LaunchScreen.storyboard */ = {
			isa = PBXVariantGroup;
			children = (
				2353990C2C776AC5002938DC /* Base */,
			);
			name = LaunchScreen.storyboard;
			sourceTree = "<group>";
		};
/* End PBXVariantGroup section */

/* Begin XCBuildConfiguration section */
		2353990F2C776AC5002938DC /* Debug */ = {
			isa = XCBuildConfiguration;
			buildSettings = {
				ALWAYS_SEARCH_USER_PATHS = NO;
				ASSETCATALOG_COMPILER_GENERATE_SWIFT_ASSET_SYMBOL_EXTENSIONS = YES;
				CLANG_ANALYZER_NONNULL = YES;
				CLANG_ANALYZER_NUMBER_OBJECT_CONVERSION = YES_AGGRESSIVE;
				CLANG_CXX_LANGUAGE_STANDARD = "gnu++20";
				CLANG_ENABLE_MODULES = YES;
				CLANG_ENABLE_OBJC_ARC = YES;
				CLANG_ENABLE_OBJC_WEAK = YES;
				CLANG_WARN_BLOCK_CAPTURE_AUTORELEASING = YES;
				CLANG_WARN_BOOL_CONVERSION = YES;
				CLANG_WARN_COMMA = YES;
				CLANG_WARN_CONSTANT_CONVERSION = YES;
				CLANG_WARN_DEPRECATED_OBJC_IMPLEMENTATIONS = YES;
				CLANG_WARN_DIRECT_OBJC_ISA_USAGE = YES_ERROR;
				CLANG_WARN_DOCUMENTATION_COMMENTS = YES;
				CLANG_WARN_EMPTY_BODY = YES;
				CLANG_WARN_ENUM_CONVERSION = YES;
				CLANG_WARN_INFINITE_RECURSION = YES;
				CLANG_WARN_INT_CONVERSION = YES;
				CLANG_WARN_NON_LITERAL_NULL_CONVERSION = YES;
				CLANG_WARN_OBJC_IMPLICIT_RETAIN_SELF = YES;
				CLANG_WARN_OBJC_LITERAL_CONVERSION = YES;
				CLANG_WARN_OBJC_ROOT_CLASS = YES_ERROR;
				CLANG_WARN_QUOTED_INCLUDE_IN_FRAMEWORK_HEADER = YES;
				CLANG_WARN_RANGE_LOOP_ANALYSIS = YES;
				CLANG_WARN_STRICT_PROTOTYPES = YES;
				CLANG_WARN_SUSPICIOUS_MOVE = YES;
				CLANG_WARN_UNGUARDED_AVAILABILITY = YES_AGGRESSIVE;
				CLANG_WARN_UNREACHABLE_CODE = YES;
				CLANG_WARN__DUPLICATE_METHOD_MATCH = YES;
				COPY_PHASE_STRIP = NO;
				DEBUG_INFORMATION_FORMAT = dwarf;
				ENABLE_STRICT_OBJC_MSGSEND = YES;
				ENABLE_TESTABILITY = YES;
				ENABLE_USER_SCRIPT_SANDBOXING = YES;
				GCC_C_LANGUAGE_STANDARD = gnu17;
				GCC_DYNAMIC_NO_PIC = NO;
				GCC_NO_COMMON_BLOCKS = YES;
				GCC_OPTIMIZATION_LEVEL = 0;
				GCC_PREPROCESSOR_DEFINITIONS = (
					"DEBUG=1",
					"$(inherited)",
				);
				GCC_WARN_64_TO_32_BIT_CONVERSION = YES;
				GCC_WARN_ABOUT_RETURN_TYPE = YES_ERROR;
				GCC_WARN_UNDECLARED_SELECTOR = YES;
				GCC_WARN_UNINITIALIZED_AUTOS = YES_AGGRESSIVE;
				GCC_WARN_UNUSED_FUNCTION = YES;
				GCC_WARN_UNUSED_VARIABLE = YES;
				IPHONEOS_DEPLOYMENT_TARGET = 17.5;
				LOCALIZATION_PREFERS_STRING_CATALOGS = YES;
				MTL_ENABLE_DEBUG_INFO = INCLUDE_SOURCE;
				MTL_FAST_MATH = YES;
				ONLY_ACTIVE_ARCH = YES;
				SDKROOT = iphoneos;
				SWIFT_ACTIVE_COMPILATION_CONDITIONS = "DEBUG $(inherited)";
				SWIFT_OPTIMIZATION_LEVEL = "-Onone";
			};
			name = Debug;
		};
		235399102C776AC5002938DC /* Release */ = {
			isa = XCBuildConfiguration;
			buildSettings = {
				ALWAYS_SEARCH_USER_PATHS = NO;
				ASSETCATALOG_COMPILER_GENERATE_SWIFT_ASSET_SYMBOL_EXTENSIONS = YES;
				CLANG_ANALYZER_NONNULL = YES;
				CLANG_ANALYZER_NUMBER_OBJECT_CONVERSION = YES_AGGRESSIVE;
				CLANG_CXX_LANGUAGE_STANDARD = "gnu++20";
				CLANG_ENABLE_MODULES = YES;
				CLANG_ENABLE_OBJC_ARC = YES;
				CLANG_ENABLE_OBJC_WEAK = YES;
				CLANG_WARN_BLOCK_CAPTURE_AUTORELEASING = YES;
				CLANG_WARN_BOOL_CONVERSION = YES;
				CLANG_WARN_COMMA = YES;
				CLANG_WARN_CONSTANT_CONVERSION = YES;
				CLANG_WARN_DEPRECATED_OBJC_IMPLEMENTATIONS = YES;
				CLANG_WARN_DIRECT_OBJC_ISA_USAGE = YES_ERROR;
				CLANG_WARN_DOCUMENTATION_COMMENTS = YES;
				CLANG_WARN_EMPTY_BODY = YES;
				CLANG_WARN_ENUM_CONVERSION = YES;
				CLANG_WARN_INFINITE_RECURSION = YES;
				CLANG_WARN_INT_CONVERSION = YES;
				CLANG_WARN_NON_LITERAL_NULL_CONVERSION = YES;
				CLANG_WARN_OBJC_IMPLICIT_RETAIN_SELF = YES;
				CLANG_WARN_OBJC_LITERAL_CONVERSION = YES;
				CLANG_WARN_OBJC_ROOT_CLASS = YES_ERROR;
				CLANG_WARN_QUOTED_INCLUDE_IN_FRAMEWORK_HEADER = YES;
				CLANG_WARN_RANGE_LOOP_ANALYSIS = YES;
				CLANG_WARN_STRICT_PROTOTYPES = YES;
				CLANG_WARN_SUSPICIOUS_MOVE = YES;
				CLANG_WARN_UNGUARDED_AVAILABILITY = YES_AGGRESSIVE;
				CLANG_WARN_UNREACHABLE_CODE = YES;
				CLANG_WARN__DUPLICATE_METHOD_MATCH = YES;
				COPY_PHASE_STRIP = NO;
				DEBUG_INFORMATION_FORMAT = "dwarf-with-dsym";
				ENABLE_NS_ASSERTIONS = NO;
				ENABLE_STRICT_OBJC_MSGSEND = YES;
				ENABLE_USER_SCRIPT_SANDBOXING = YES;
				GCC_C_LANGUAGE_STANDARD = gnu17;
				GCC_NO_COMMON_BLOCKS = YES;
				GCC_WARN_64_TO_32_BIT_CONVERSION = YES;
				GCC_WARN_ABOUT_RETURN_TYPE = YES_ERROR;
				GCC_WARN_UNDECLARED_SELECTOR = YES;
				GCC_WARN_UNINITIALIZED_AUTOS = YES_AGGRESSIVE;
				GCC_WARN_UNUSED_FUNCTION = YES;
				GCC_WARN_UNUSED_VARIABLE = YES;
				IPHONEOS_DEPLOYMENT_TARGET = 17.5;
				LOCALIZATION_PREFERS_STRING_CATALOGS = YES;
				MTL_ENABLE_DEBUG_INFO = NO;
				MTL_FAST_MATH = YES;
				SDKROOT = iphoneos;
				SWIFT_COMPILATION_MODE = wholemodule;
				VALIDATE_PRODUCT = YES;
			};
			name = Release;
		};
		235399122C776AC5002938DC /* Debug */ = {
			isa = XCBuildConfiguration;
			buildSettings = {
				ASSETCATALOG_COMPILER_APPICON_NAME = AppIcon;
				ASSETCATALOG_COMPILER_GLOBAL_ACCENT_COLOR_NAME = AccentColor;
				CODE_SIGN_STYLE = Automatic;
				CURRENT_PROJECT_VERSION = 1;
				DEVELOPMENT_TEAM = ZXK43H2N93;
				GENERATE_INFOPLIST_FILE = YES;
				INFOPLIST_FILE = Mod1CreativeAppHuseby/Info.plist;
				INFOPLIST_KEY_UIApplicationSupportsIndirectInputEvents = YES;
				INFOPLIST_KEY_UILaunchStoryboardName = LaunchScreen;
				INFOPLIST_KEY_UIMainStoryboardFile = Main;
				INFOPLIST_KEY_UISupportedInterfaceOrientations_iPad = "UIInterfaceOrientationPortrait UIInterfaceOrientationPortraitUpsideDown UIInterfaceOrientationLandscapeLeft UIInterfaceOrientationLandscapeRight";
				INFOPLIST_KEY_UISupportedInterfaceOrientations_iPhone = "UIInterfaceOrientationPortrait UIInterfaceOrientationLandscapeLeft UIInterfaceOrientationLandscapeRight";
				LD_RUNPATH_SEARCH_PATHS = (
					"$(inherited)",
					"@executable_path/Frameworks",
				);
				MARKETING_VERSION = 1.0;
				PRODUCT_BUNDLE_IDENTIFIER = clc.Mod1CreativeAppHusebyVersion2;
				PRODUCT_NAME = "$(TARGET_NAME)";
				SWIFT_EMIT_LOC_STRINGS = YES;
				SWIFT_VERSION = 5.0;
				TARGETED_DEVICE_FAMILY = "1,2";
			};
			name = Debug;
		};
		235399132C776AC5002938DC /* Release */ = {
			isa = XCBuildConfiguration;
			buildSettings = {
				ASSETCATALOG_COMPILER_APPICON_NAME = AppIcon;
				ASSETCATALOG_COMPILER_GLOBAL_ACCENT_COLOR_NAME = AccentColor;
				CODE_SIGN_STYLE = Automatic;
				CURRENT_PROJECT_VERSION = 1;
				DEVELOPMENT_TEAM = ZXK43H2N93;
				GENERATE_INFOPLIST_FILE = YES;
				INFOPLIST_FILE = Mod1CreativeAppHuseby/Info.plist;
				INFOPLIST_KEY_UIApplicationSupportsIndirectInputEvents = YES;
				INFOPLIST_KEY_UILaunchStoryboardName = LaunchScreen;
				INFOPLIST_KEY_UIMainStoryboardFile = Main;
				INFOPLIST_KEY_UISupportedInterfaceOrientations_iPad = "UIInterfaceOrientationPortrait UIInterfaceOrientationPortraitUpsideDown UIInterfaceOrientationLandscapeLeft UIInterfaceOrientationLandscapeRight";
				INFOPLIST_KEY_UISupportedInterfaceOrientations_iPhone = "UIInterfaceOrientationPortrait UIInterfaceOrientationLandscapeLeft UIInterfaceOrientationLandscapeRight";
				LD_RUNPATH_SEARCH_PATHS = (
					"$(inherited)",
					"@executable_path/Frameworks",
				);
				MARKETING_VERSION = 1.0;
				PRODUCT_BUNDLE_IDENTIFIER = clc.Mod1CreativeAppHusebyVersion2;
				PRODUCT_NAME = "$(TARGET_NAME)";
				SWIFT_EMIT_LOC_STRINGS = YES;
				SWIFT_VERSION = 5.0;
				TARGETED_DEVICE_FAMILY = "1,2";
			};
			name = Release;
		};
/* End XCBuildConfiguration section */

/* Begin XCConfigurationList section */
		235398F52C776AC3002938DC /* Build configuration list for PBXProject "Mod1CreativeAppHuseby" */ = {
			isa = XCConfigurationList;
			buildConfigurations = (
				2353990F2C776AC5002938DC /* Debug */,
				235399102C776AC5002938DC /* Release */,
			);
			defaultConfigurationIsVisible = 0;
			defaultConfigurationName = Release;
		};
		235399112C776AC5002938DC /* Build configuration list for PBXNativeTarget "Mod1CreativeAppHuseby" */ = {
			isa = XCConfigurationList;
			buildConfigurations = (
				235399122C776AC5002938DC /* Debug */,
				235399132C776AC5002938DC /* Release */,
			);
			defaultConfigurationIsVisible = 0;
			defaultConfigurationName = Release;
		};
/* End XCConfigurationList section */

/* Begin XCVersionGroup section */
		235399062C776AC3002938DC /* Mod1CreativeAppHuseby.xcdatamodeld */ = {
			isa = XCVersionGroup;
			children = (
				235399072C776AC3002938DC /* Mod1CreativeAppHuseby.xcdatamodel */,
			);
			currentVersion = 235399072C776AC3002938DC /* Mod1CreativeAppHuseby.xcdatamodel */;
			path = Mod1CreativeAppHuseby.xcdatamodeld;
			sourceTree = "<group>";
			versionGroupType = wrapper.xcdatamodel;
		};
/* End XCVersionGroup section */
	};
	rootObject = 235398F22C776AC3002938DC /* Project object */;
}
